
Microsoft Visual Studio Solution File, Format Version 12.00
# Visual Studio Version 16
VisualStudioVersion = 16.0.29326.143
MinimumVisualStudioVersion = 10.0.40219.1
Project("{FAE04EC0-301F-11D3-BF4B-00C04F79EFBC}") = "NomsCiutatsF4", "NomsCiutatsF4\NomsCiutatsF4.csproj", "{22EC3936-5187-49AA-89B0-DC8F1AC157DD}"
EndProject
Global
	GlobalSection(SolutionConfigurationPlatforms) = preSolution
		Debug|Any CPU = Debug|Any CPU
		Release|Any CPU = Release|Any CPU
	EndGlobalSection
	GlobalSection(ProjectConfigurationPlatforms) = postSolution
		{22EC3936-5187-49AA-89B0-DC8F1AC157DD}.Debug|Any CPU.ActiveCfg = Debug|Any CPU
		{22EC3936-5187-49AA-89B0-DC8F1AC157DD}.Debug|Any CPU.Build.0 = Debug|Any CPU
		{22EC3936-5187-49AA-89B0-DC8F1AC157DD}.Release|Any CPU.ActiveCfg = Release|Any CPU
		{22EC3936-5187-49AA-89B0-DC8F1AC157DD}.Release|Any CPU.Build.0 = Release|Any CPU
	EndGlobalSection
	GlobalSection(SolutionProperties) = preSolution
		HideSolutionNode = FALSE
	EndGlobalSection
	GlobalSection(ExtensibilityGlobals) = postSolution
		SolutionGuid = {981DC3F6-FF61-49B4-B7F6-C87DA078F3D2}
	EndGlobalSection
EndGlobal
