
Microsoft Visual Studio Solution File, Format Version 12.00
# Visual Studio Version 16
VisualStudioVersion = 16.0.29326.143
MinimumVisualStudioVersion = 10.0.40219.1
Project("{FAE04EC0-301F-11D3-BF4B-00C04F79EFBC}") = "VarConsForF1", "VarConsForF1\VarConsForF1.csproj", "{5458AE72-76A1-40F0-BF1E-4005D82E7906}"
EndProject
Global
	GlobalSection(SolutionConfigurationPlatforms) = preSolution
		Debug|Any CPU = Debug|Any CPU
		Release|Any CPU = Release|Any CPU
	EndGlobalSection
	GlobalSection(ProjectConfigurationPlatforms) = postSolution
		{5458AE72-76A1-40F0-BF1E-4005D82E7906}.Debug|Any CPU.ActiveCfg = Debug|Any CPU
		{5458AE72-76A1-40F0-BF1E-4005D82E7906}.Debug|Any CPU.Build.0 = Debug|Any CPU
		{5458AE72-76A1-40F0-BF1E-4005D82E7906}.Release|Any CPU.ActiveCfg = Release|Any CPU
		{5458AE72-76A1-40F0-BF1E-4005D82E7906}.Release|Any CPU.Build.0 = Release|Any CPU
	EndGlobalSection
	GlobalSection(SolutionProperties) = preSolution
		HideSolutionNode = FALSE
	EndGlobalSection
	GlobalSection(ExtensibilityGlobals) = postSolution
		SolutionGuid = {1A07F253-99A2-47B6-8658-ED3712211EE2}
	EndGlobalSection
EndGlobal
